
Microsoft Visual Studio Solution File, Format Version 12.00
# Visual Studio Version 16
VisualStudioVersion = 16.0.30907.101
MinimumVisualStudioVersion = 10.0.40219.1
Project("{9A19103F-16F7-4668-BE54-9A1E7A4F7556}") = "ListaContatos", "ListaContatos.csproj", "{1A1FFFBC-913A-4F60-A679-EAFE58EC3199}"
EndProject
Project("{E53339B2-1760-4266-BCC7-CA923CBCF16C}") = "docker-compose", "docker-compose.dcproj", "{1DCDBC7F-199B-4C8B-8ECC-DB9F8779BC76}"
EndProject
Global
	GlobalSection(SolutionConfigurationPlatforms) = preSolution
		Debug|Any CPU = Debug|Any CPU
		Release|Any CPU = Release|Any CPU
	EndGlobalSection
	GlobalSection(ProjectConfigurationPlatforms) = postSolution
		{1A1FFFBC-913A-4F60-A679-EAFE58EC3199}.Debug|Any CPU.ActiveCfg = Debug|Any CPU
		{1A1FFFBC-913A-4F60-A679-EAFE58EC3199}.Debug|Any CPU.Build.0 = Debug|Any CPU
		{1A1FFFBC-913A-4F60-A679-EAFE58EC3199}.Release|Any CPU.ActiveCfg = Release|Any CPU
		{1A1FFFBC-913A-4F60-A679-EAFE58EC3199}.Release|Any CPU.Build.0 = Release|Any CPU
		{1DCDBC7F-199B-4C8B-8ECC-DB9F8779BC76}.Debug|Any CPU.ActiveCfg = Debug|Any CPU
		{1DCDBC7F-199B-4C8B-8ECC-DB9F8779BC76}.Debug|Any CPU.Build.0 = Debug|Any CPU
		{1DCDBC7F-199B-4C8B-8ECC-DB9F8779BC76}.Release|Any CPU.ActiveCfg = Release|Any CPU
		{1DCDBC7F-199B-4C8B-8ECC-DB9F8779BC76}.Release|Any CPU.Build.0 = Release|Any CPU
	EndGlobalSection
	GlobalSection(SolutionProperties) = preSolution
		HideSolutionNode = FALSE
	EndGlobalSection
	GlobalSection(ExtensibilityGlobals) = postSolution
		SolutionGuid = {C8746B3F-E19A-4FC8-9C26-FB0026BDED37}
	EndGlobalSection
EndGlobal
